
Microsoft Visual Studio Solution File, Format Version 12.00
# Visual Studio 15
VisualStudioVersion = 15.0.27130.2010
MinimumVisualStudioVersion = 10.0.40219.1
Project("{2150E333-8FDC-42A3-9474-1A3956D46DE8}") = "Solution Items", "Solution Items", "{DB33407C-7574-4BFC-90F7-30E147C5469B}"
	ProjectSection(SolutionItems) = preProject
		docs\Backlog.md = docs\Backlog.md
		ChangeLog.md = ChangeLog.md
		README.md = README.md
	EndProjectSection
EndProject
Project("{F2A71F9B-5D33-465A-A702-920D77279786}") = "RaynMaker.Cube.Service", "src\RaynMaker.Cube.Service\RaynMaker.Cube.Service.fsproj", "{CEF7692C-741F-4D64-BC2C-96E54742EEF8}"
EndProject
Project("{9A19103F-16F7-4668-BE54-9A1E7A4F7556}") = "RaynMaker.Cube.UI", "src\RaynMaker.Cube.UI\RaynMaker.Cube.UI.csproj", "{671686B0-5BED-49C9-9E64-97DE20D81CA1}"
EndProject
Global
	GlobalSection(SolutionConfigurationPlatforms) = preSolution
		Debug|Any CPU = Debug|Any CPU
		Release|Any CPU = Release|Any CPU
	EndGlobalSection
	GlobalSection(ProjectConfigurationPlatforms) = postSolution
		{CEF7692C-741F-4D64-BC2C-96E54742EEF8}.Debug|Any CPU.ActiveCfg = Debug|Any CPU
		{CEF7692C-741F-4D64-BC2C-96E54742EEF8}.Debug|Any CPU.Build.0 = Debug|Any CPU
		{CEF7692C-741F-4D64-BC2C-96E54742EEF8}.Release|Any CPU.ActiveCfg = Release|Any CPU
		{CEF7692C-741F-4D64-BC2C-96E54742EEF8}.Release|Any CPU.Build.0 = Release|Any CPU
		{671686B0-5BED-49C9-9E64-97DE20D81CA1}.Debug|Any CPU.ActiveCfg = Debug|Any CPU
		{671686B0-5BED-49C9-9E64-97DE20D81CA1}.Debug|Any CPU.Build.0 = Debug|Any CPU
		{671686B0-5BED-49C9-9E64-97DE20D81CA1}.Release|Any CPU.ActiveCfg = Release|Any CPU
		{671686B0-5BED-49C9-9E64-97DE20D81CA1}.Release|Any CPU.Build.0 = Release|Any CPU
	EndGlobalSection
	GlobalSection(SolutionProperties) = preSolution
		HideSolutionNode = FALSE
	EndGlobalSection
	GlobalSection(ExtensibilityGlobals) = postSolution
		SolutionGuid = {63C70028-1287-4066-A935-7A7D31EB321D}
	EndGlobalSection
EndGlobal
